
Microsoft Visual Studio Solution File, Format Version 12.00
# Visual Studio Version 17
VisualStudioVersion = 17.10.34916.146
MinimumVisualStudioVersion = 10.0.40219.1
Project("{9A19103F-16F7-4668-BE54-9A1E7A4F7556}") = "SendEmail.API", "SendEmail.API\SendEmail.API.csproj", "{3E274A37-56D4-43BB-85EB-DFD2CFFDFF9F}"
EndProject
Project("{9A19103F-16F7-4668-BE54-9A1E7A4F7556}") = "SendEmail.Application", "SendEmail.Application\SendEmail.Application.csproj", "{C413E2BE-72F7-49B8-B10E-884C0DDAB4CE}"
EndProject
Project("{9A19103F-16F7-4668-BE54-9A1E7A4F7556}") = "SendEmail.CrossCutting", "SendEmail.CrossCutting\SendEmail.CrossCutting.csproj", "{888398E4-95B4-41DA-941C-2A6C8F5B1B88}"
EndProject
Project("{9A19103F-16F7-4668-BE54-9A1E7A4F7556}") = "SendEmail.Domain", "SendEmail.Domain\SendEmail.Domain.csproj", "{D22110A9-1C07-4E60-96EE-31A596F8ED31}"
EndProject
Project("{9A19103F-16F7-4668-BE54-9A1E7A4F7556}") = "SendEmail.Infra.Data", "SendEmail.Infra.Data\SendEmail.Infra.Data.csproj", "{065942C7-01FA-4545-9C82-7F69A880F73B}"
EndProject
Project("{FAE04EC0-301F-11D3-BF4B-00C04F79EFBC}") = "TestProject1", "TestProject1\TestProject1.csproj", "{8D86C7A3-3BCE-4627-B407-B282BD117A05}"
EndProject
Global
	GlobalSection(SolutionConfigurationPlatforms) = preSolution
		Debug|Any CPU = Debug|Any CPU
		Release|Any CPU = Release|Any CPU
	EndGlobalSection
	GlobalSection(ProjectConfigurationPlatforms) = postSolution
		{3E274A37-56D4-43BB-85EB-DFD2CFFDFF9F}.Debug|Any CPU.ActiveCfg = Debug|Any CPU
		{3E274A37-56D4-43BB-85EB-DFD2CFFDFF9F}.Debug|Any CPU.Build.0 = Debug|Any CPU
		{3E274A37-56D4-43BB-85EB-DFD2CFFDFF9F}.Release|Any CPU.ActiveCfg = Release|Any CPU
		{3E274A37-56D4-43BB-85EB-DFD2CFFDFF9F}.Release|Any CPU.Build.0 = Release|Any CPU
		{C413E2BE-72F7-49B8-B10E-884C0DDAB4CE}.Debug|Any CPU.ActiveCfg = Debug|Any CPU
		{C413E2BE-72F7-49B8-B10E-884C0DDAB4CE}.Debug|Any CPU.Build.0 = Debug|Any CPU
		{C413E2BE-72F7-49B8-B10E-884C0DDAB4CE}.Release|Any CPU.ActiveCfg = Release|Any CPU
		{C413E2BE-72F7-49B8-B10E-884C0DDAB4CE}.Release|Any CPU.Build.0 = Release|Any CPU
		{888398E4-95B4-41DA-941C-2A6C8F5B1B88}.Debug|Any CPU.ActiveCfg = Debug|Any CPU
		{888398E4-95B4-41DA-941C-2A6C8F5B1B88}.Debug|Any CPU.Build.0 = Debug|Any CPU
		{888398E4-95B4-41DA-941C-2A6C8F5B1B88}.Release|Any CPU.ActiveCfg = Release|Any CPU
		{888398E4-95B4-41DA-941C-2A6C8F5B1B88}.Release|Any CPU.Build.0 = Release|Any CPU
		{D22110A9-1C07-4E60-96EE-31A596F8ED31}.Debug|Any CPU.ActiveCfg = Debug|Any CPU
		{D22110A9-1C07-4E60-96EE-31A596F8ED31}.Debug|Any CPU.Build.0 = Debug|Any CPU
		{D22110A9-1C07-4E60-96EE-31A596F8ED31}.Release|Any CPU.ActiveCfg = Release|Any CPU
		{D22110A9-1C07-4E60-96EE-31A596F8ED31}.Release|Any CPU.Build.0 = Release|Any CPU
		{065942C7-01FA-4545-9C82-7F69A880F73B}.Debug|Any CPU.ActiveCfg = Debug|Any CPU
		{065942C7-01FA-4545-9C82-7F69A880F73B}.Debug|Any CPU.Build.0 = Debug|Any CPU
		{065942C7-01FA-4545-9C82-7F69A880F73B}.Release|Any CPU.ActiveCfg = Release|Any CPU
		{065942C7-01FA-4545-9C82-7F69A880F73B}.Release|Any CPU.Build.0 = Release|Any CPU
		{8D86C7A3-3BCE-4627-B407-B282BD117A05}.Debug|Any CPU.ActiveCfg = Debug|Any CPU
		{8D86C7A3-3BCE-4627-B407-B282BD117A05}.Debug|Any CPU.Build.0 = Debug|Any CPU
		{8D86C7A3-3BCE-4627-B407-B282BD117A05}.Release|Any CPU.ActiveCfg = Release|Any CPU
		{8D86C7A3-3BCE-4627-B407-B282BD117A05}.Release|Any CPU.Build.0 = Release|Any CPU
	EndGlobalSection
	GlobalSection(SolutionProperties) = preSolution
		HideSolutionNode = FALSE
	EndGlobalSection
	GlobalSection(ExtensibilityGlobals) = postSolution
		SolutionGuid = {9816D69F-4013-43E5-8C87-B27FD8CE3B53}
	EndGlobalSection
EndGlobal
